// !$*UTF8*$!
{
	archiveVersion = 1;
	classes = {
	};
	objectVersion = 55;
	objects = {

/* Begin PBXBuildFile section */
		EF06BCA027BA439E00658EF8 /* AppDelegate.swift in Sources */ = {isa = PBXBuildFile; fileRef = EF06BC9F27BA439E00658EF8 /* AppDelegate.swift */; };
		EF06BCA227BA439E00658EF8 /* SceneDelegate.swift in Sources */ = {isa = PBXBuildFile; fileRef = EF06BCA127BA439E00658EF8 /* SceneDelegate.swift */; };
		EF06BCA427BA439E00658EF8 /* MVCViewController.swift in Sources */ = {isa = PBXBuildFile; fileRef = EF06BCA327BA439E00658EF8 /* MVCViewController.swift */; };
		EF06BCA727BA439E00658EF8 /* Main.storyboard in Resources */ = {isa = PBXBuildFile; fileRef = EF06BCA527BA439E00658EF8 /* Main.storyboard */; };
		EF06BCA927BA439F00658EF8 /* Assets.xcassets in Resources */ = {isa = PBXBuildFile; fileRef = EF06BCA827BA439F00658EF8 /* Assets.xcassets */; };
		EF06BCAC27BA439F00658EF8 /* LaunchScreen.storyboard in Resources */ = {isa = PBXBuildFile; fileRef = EF06BCAA27BA439F00658EF8 /* LaunchScreen.storyboard */; };
		EF06BCB727BA439F00658EF8 /* MVC2MVVMTests.swift in Sources */ = {isa = PBXBuildFile; fileRef = EF06BCB627BA439F00658EF8 /* MVC2MVVMTests.swift */; };
		EF06BCC127BA439F00658EF8 /* MVC2MVVMUITests.swift in Sources */ = {isa = PBXBuildFile; fileRef = EF06BCC027BA439F00658EF8 /* MVC2MVVMUITests.swift */; };
		EF06BCC327BA439F00658EF8 /* MVC2MVVMUITestsLaunchTests.swift in Sources */ = {isa = PBXBuildFile; fileRef = EF06BCC227BA439F00658EF8 /* MVC2MVVMUITestsLaunchTests.swift */; };
		EF06BCD127BA502300658EF8 /* APIEngine.swift in Sources */ = {isa = PBXBuildFile; fileRef = EF06BCD027BA502300658EF8 /* APIEngine.swift */; };
		EF06BCD327BA50DD00658EF8 /* DataModel.swift in Sources */ = {isa = PBXBuildFile; fileRef = EF06BCD227BA50DD00658EF8 /* DataModel.swift */; };
		EF06BCD627BB3B7B00658EF8 /* Cell.swift in Sources */ = {isa = PBXBuildFile; fileRef = EF06BCD527BB3B7B00658EF8 /* Cell.swift */; };
		EF06BCD927BB811F00658EF8 /* ViewModel.swift in Sources */ = {isa = PBXBuildFile; fileRef = EF06BCD827BB811F00658EF8 /* ViewModel.swift */; };
		EF06BCDB27BB846900658EF8 /* ViewModelProtocol.swift in Sources */ = {isa = PBXBuildFile; fileRef = EF06BCDA27BB846900658EF8 /* ViewModelProtocol.swift */; };
		EF06BCDD27BB9A6100658EF8 /* CellViewModel.swift in Sources */ = {isa = PBXBuildFile; fileRef = EF06BCDC27BB9A6100658EF8 /* CellViewModel.swift */; };
/* End PBXBuildFile section */

/* Begin PBXContainerItemProxy section */
		EF06BCB327BA439F00658EF8 /* PBXContainerItemProxy */ = {
			isa = PBXContainerItemProxy;
			containerPortal = EF06BC9427BA439E00658EF8 /* Project object */;
			proxyType = 1;
			remoteGlobalIDString = EF06BC9B27BA439E00658EF8;
			remoteInfo = MVC2MVVM;
		};
		EF06BCBD27BA439F00658EF8 /* PBXContainerItemProxy */ = {
			isa = PBXContainerItemProxy;
			containerPortal = EF06BC9427BA439E00658EF8 /* Project object */;
			proxyType = 1;
			remoteGlobalIDString = EF06BC9B27BA439E00658EF8;
			remoteInfo = MVC2MVVM;
		};
/* End PBXContainerItemProxy section */

/* Begin PBXFileReference section */
		EF06BC9C27BA439E00658EF8 /* MVC2MVVM.app */ = {isa = PBXFileReference; explicitFileType = wrapper.application; includeInIndex = 0; path = MVC2MVVM.app; sourceTree = BUILT_PRODUCTS_DIR; };
		EF06BC9F27BA439E00658EF8 /* AppDelegate.swift */ = {isa = PBXFileReference; lastKnownFileType = sourcecode.swift; path = AppDelegate.swift; sourceTree = "<group>"; };
		EF06BCA127BA439E00658EF8 /* SceneDelegate.swift */ = {isa = PBXFileReference; lastKnownFileType = sourcecode.swift; path = SceneDelegate.swift; sourceTree = "<group>"; };
		EF06BCA327BA439E00658EF8 /* MVCViewController.swift */ = {isa = PBXFileReference; lastKnownFileType = sourcecode.swift; path = MVCViewController.swift; sourceTree = "<group>"; };
		EF06BCA627BA439E00658EF8 /* Base */ = {isa = PBXFileReference; lastKnownFileType = file.storyboard; name = Base; path = Base.lproj/Main.storyboard; sourceTree = "<group>"; };
		EF06BCA827BA439F00658EF8 /* Assets.xcassets */ = {isa = PBXFileReference; lastKnownFileType = folder.assetcatalog; path = Assets.xcassets; sourceTree = "<group>"; };
		EF06BCAB27BA439F00658EF8 /* Base */ = {isa = PBXFileReference; lastKnownFileType = file.storyboard; name = Base; path = Base.lproj/LaunchScreen.storyboard; sourceTree = "<group>"; };
		EF06BCAD27BA439F00658EF8 /* Info.plist */ = {isa = PBXFileReference; lastKnownFileType = text.plist.xml; path = Info.plist; sourceTree = "<group>"; };
		EF06BCB227BA439F00658EF8 /* MVC2MVVMTests.xctest */ = {isa = PBXFileReference; explicitFileType = wrapper.cfbundle; includeInIndex = 0; path = MVC2MVVMTests.xctest; sourceTree = BUILT_PRODUCTS_DIR; };
		EF06BCB627BA439F00658EF8 /* MVC2MVVMTests.swift */ = {isa = PBXFileReference; lastKnownFileType = sourcecode.swift; path = MVC2MVVMTests.swift; sourceTree = "<group>"; };
		EF06BCBC27BA439F00658EF8 /* MVC2MVVMUITests.xctest */ = {isa = PBXFileReference; explicitFileType = wrapper.cfbundle; includeInIndex = 0; path = MVC2MVVMUITests.xctest; sourceTree = BUILT_PRODUCTS_DIR; };
		EF06BCC027BA439F00658EF8 /* MVC2MVVMUITests.swift */ = {isa = PBXFileReference; lastKnownFileType = sourcecode.swift; path = MVC2MVVMUITests.swift; sourceTree = "<group>"; };
		EF06BCC227BA439F00658EF8 /* MVC2MVVMUITestsLaunchTests.swift */ = {isa = PBXFileReference; lastKnownFileType = sourcecode.swift; path = MVC2MVVMUITestsLaunchTests.swift; sourceTree = "<group>"; };
		EF06BCD027BA502300658EF8 /* APIEngine.swift */ = {isa = PBXFileReference; lastKnownFileType = sourcecode.swift; path = APIEngine.swift; sourceTree = "<group>"; };
		EF06BCD227BA50DD00658EF8 /* DataModel.swift */ = {isa = PBXFileReference; lastKnownFileType = sourcecode.swift; path = DataModel.swift; sourceTree = "<group>"; };
		EF06BCD527BB3B7B00658EF8 /* Cell.swift */ = {isa = PBXFileReference; lastKnownFileType = sourcecode.swift; path = Cell.swift; sourceTree = "<group>"; };
		EF06BCD827BB811F00658EF8 /* ViewModel.swift */ = {isa = PBXFileReference; lastKnownFileType = sourcecode.swift; path = ViewModel.swift; sourceTree = "<group>"; };
		EF06BCDA27BB846900658EF8 /* ViewModelProtocol.swift */ = {isa = PBXFileReference; lastKnownFileType = sourcecode.swift; path = ViewModelProtocol.swift; sourceTree = "<group>"; };
		EF06BCDC27BB9A6100658EF8 /* CellViewModel.swift */ = {isa = PBXFileReference; lastKnownFileType = sourcecode.swift; path = CellViewModel.swift; sourceTree = "<group>"; };
/* End PBXFileReference section */

/* Begin PBXFrameworksBuildPhase section */
		EF06BC9927BA439E00658EF8 /* Frameworks */ = {
			isa = PBXFrameworksBuildPhase;
			buildActionMask = 2147483647;
			files = (
			);
			runOnlyForDeploymentPostprocessing = 0;
		};
		EF06BCAF27BA439F00658EF8 /* Frameworks */ = {
			isa = PBXFrameworksBuildPhase;
			buildActionMask = 2147483647;
			files = (
			);
			runOnlyForDeploymentPostprocessing = 0;
		};
		EF06BCB927BA439F00658EF8 /* Frameworks */ = {
			isa = PBXFrameworksBuildPhase;
			buildActionMask = 2147483647;
			files = (
			);
			runOnlyForDeploymentPostprocessing = 0;
		};
/* End PBXFrameworksBuildPhase section */

/* Begin PBXGroup section */
		EF06BC9327BA439E00658EF8 = {
			isa = PBXGroup;
			children = (
				EF06BC9E27BA439E00658EF8 /* MVC2MVVM */,
				EF06BCB527BA439F00658EF8 /* MVC2MVVMTests */,
				EF06BCBF27BA439F00658EF8 /* MVC2MVVMUITests */,
				EF06BC9D27BA439E00658EF8 /* Products */,
			);
			sourceTree = "<group>";
		};
		EF06BC9D27BA439E00658EF8 /* Products */ = {
			isa = PBXGroup;
			children = (
				EF06BC9C27BA439E00658EF8 /* MVC2MVVM.app */,
				EF06BCB227BA439F00658EF8 /* MVC2MVVMTests.xctest */,
				EF06BCBC27BA439F00658EF8 /* MVC2MVVMUITests.xctest */,
			);
			name = Products;
			sourceTree = "<group>";
		};
		EF06BC9E27BA439E00658EF8 /* MVC2MVVM */ = {
			isa = PBXGroup;
			children = (
				EF06BCD727BB811500658EF8 /* ViewModel */,
				EF06BCD427BB3B5800658EF8 /* View */,
				EF06BCCF27BA500000658EF8 /* Model */,
				EF06BC9F27BA439E00658EF8 /* AppDelegate.swift */,
				EF06BCA127BA439E00658EF8 /* SceneDelegate.swift */,
				EF06BCA327BA439E00658EF8 /* MVCViewController.swift */,
				EF06BCA527BA439E00658EF8 /* Main.storyboard */,
				EF06BCA827BA439F00658EF8 /* Assets.xcassets */,
				EF06BCAA27BA439F00658EF8 /* LaunchScreen.storyboard */,
				EF06BCAD27BA439F00658EF8 /* Info.plist */,
			);
			path = MVC2MVVM;
			sourceTree = "<group>";
		};
		EF06BCB527BA439F00658EF8 /* MVC2MVVMTests */ = {
			isa = PBXGroup;
			children = (
				EF06BCB627BA439F00658EF8 /* MVC2MVVMTests.swift */,
			);
			path = MVC2MVVMTests;
			sourceTree = "<group>";
		};
		EF06BCBF27BA439F00658EF8 /* MVC2MVVMUITests */ = {
			isa = PBXGroup;
			children = (
				EF06BCC027BA439F00658EF8 /* MVC2MVVMUITests.swift */,
				EF06BCC227BA439F00658EF8 /* MVC2MVVMUITestsLaunchTests.swift */,
			);
			path = MVC2MVVMUITests;
			sourceTree = "<group>";
		};
		EF06BCCF27BA500000658EF8 /* Model */ = {
			isa = PBXGroup;
			children = (
				EF06BCD027BA502300658EF8 /* APIEngine.swift */,
				EF06BCD227BA50DD00658EF8 /* DataModel.swift */,
			);
			path = Model;
			sourceTree = "<group>";
		};
		EF06BCD427BB3B5800658EF8 /* View */ = {
			isa = PBXGroup;
			children = (
				EF06BCD527BB3B7B00658EF8 /* Cell.swift */,
			);
			path = View;
			sourceTree = "<group>";
		};
		EF06BCD727BB811500658EF8 /* ViewModel */ = {
			isa = PBXGroup;
			children = (
				EF06BCDA27BB846900658EF8 /* ViewModelProtocol.swift */,
				EF06BCD827BB811F00658EF8 /* ViewModel.swift */,
				EF06BCDC27BB9A6100658EF8 /* CellViewModel.swift */,
			);
			path = ViewModel;
			sourceTree = "<group>";
		};
/* End PBXGroup section */

/* Begin PBXNativeTarget section */
		EF06BC9B27BA439E00658EF8 /* MVC2MVVM */ = {
			isa = PBXNativeTarget;
			buildConfigurationList = EF06BCC627BA439F00658EF8 /* Build configuration list for PBXNativeTarget "MVC2MVVM" */;
			buildPhases = (
				EF06BC9827BA439E00658EF8 /* Sources */,
				EF06BC9927BA439E00658EF8 /* Frameworks */,
				EF06BC9A27BA439E00658EF8 /* Resources */,
			);
			buildRules = (
			);
			dependencies = (
			);
			name = MVC2MVVM;
			productName = MVC2MVVM;
			productReference = EF06BC9C27BA439E00658EF8 /* MVC2MVVM.app */;
			productType = "com.apple.product-type.application";
		};
		EF06BCB127BA439F00658EF8 /* MVC2MVVMTests */ = {
			isa = PBXNativeTarget;
			buildConfigurationList = EF06BCC927BA439F00658EF8 /* Build configuration list for PBXNativeTarget "MVC2MVVMTests" */;
			buildPhases = (
				EF06BCAE27BA439F00658EF8 /* Sources */,
				EF06BCAF27BA439F00658EF8 /* Frameworks */,
				EF06BCB027BA439F00658EF8 /* Resources */,
			);
			buildRules = (
			);
			dependencies = (
				EF06BCB427BA439F00658EF8 /* PBXTargetDependency */,
			);
			name = MVC2MVVMTests;
			productName = MVC2MVVMTests;
			productReference = EF06BCB227BA439F00658EF8 /* MVC2MVVMTests.xctest */;
			productType = "com.apple.product-type.bundle.unit-test";
		};
		EF06BCBB27BA439F00658EF8 /* MVC2MVVMUITests */ = {
			isa = PBXNativeTarget;
			buildConfigurationList = EF06BCCC27BA439F00658EF8 /* Build configuration list for PBXNativeTarget "MVC2MVVMUITests" */;
			buildPhases = (
				EF06BCB827BA439F00658EF8 /* Sources */,
				EF06BCB927BA439F00658EF8 /* Frameworks */,
				EF06BCBA27BA439F00658EF8 /* Resources */,
			);
			buildRules = (
			);
			dependencies = (
				EF06BCBE27BA439F00658EF8 /* PBXTargetDependency */,
			);
			name = MVC2MVVMUITests;
			productName = MVC2MVVMUITests;
			productReference = EF06BCBC27BA439F00658EF8 /* MVC2MVVMUITests.xctest */;
			productType = "com.apple.product-type.bundle.ui-testing";
		};
/* End PBXNativeTarget section */

/* Begin PBXProject section */
		EF06BC9427BA439E00658EF8 /* Project object */ = {
			isa = PBXProject;
			attributes = {
				BuildIndependentTargetsInParallel = 1;
				LastSwiftUpdateCheck = 1320;
				LastUpgradeCheck = 1320;
				TargetAttributes = {
					EF06BC9B27BA439E00658EF8 = {
						CreatedOnToolsVersion = 13.2.1;
					};
					EF06BCB127BA439F00658EF8 = {
						CreatedOnToolsVersion = 13.2.1;
						TestTargetID = EF06BC9B27BA439E00658EF8;
					};
					EF06BCBB27BA439F00658EF8 = {
						CreatedOnToolsVersion = 13.2.1;
						TestTargetID = EF06BC9B27BA439E00658EF8;
					};
				};
			};
			buildConfigurationList = EF06BC9727BA439E00658EF8 /* Build configuration list for PBXProject "MVC2MVVM" */;
			compatibilityVersion = "Xcode 13.0";
			developmentRegion = en;
			hasScannedForEncodings = 0;
			knownRegions = (
				en,
				Base,
			);
			mainGroup = EF06BC9327BA439E00658EF8;
			productRefGroup = EF06BC9D27BA439E00658EF8 /* Products */;
			projectDirPath = "";
			projectRoot = "";
			targets = (
				EF06BC9B27BA439E00658EF8 /* MVC2MVVM */,
				EF06BCB127BA439F00658EF8 /* MVC2MVVMTests */,
				EF06BCBB27BA439F00658EF8 /* MVC2MVVMUITests */,
			);
		};
/* End PBXProject section */

/* Begin PBXResourcesBuildPhase section */
		EF06BC9A27BA439E00658EF8 /* Resources */ = {
			isa = PBXResourcesBuildPhase;
			buildActionMask = 2147483647;
			files = (
				EF06BCAC27BA439F00658EF8 /* LaunchScreen.storyboard in Resources */,
				EF06BCA927BA439F00658EF8 /* Assets.xcassets in Resources */,
				EF06BCA727BA439E00658EF8 /* Main.storyboard in Resources */,
			);
			runOnlyForDeploymentPostprocessing = 0;
		};
		EF06BCB027BA439F00658EF8 /* Resources */ = {
			isa = PBXResourcesBuildPhase;
			buildActionMask = 2147483647;
			files = (
			);
			runOnlyForDeploymentPostprocessing = 0;
		};
		EF06BCBA27BA439F00658EF8 /* Resources */ = {
			isa = PBXResourcesBuildPhase;
			buildActionMask = 2147483647;
			files = (
			);
			runOnlyForDeploymentPostprocessing = 0;
		};
/* End PBXResourcesBuildPhase section */

/* Begin PBXSourcesBuildPhase section */
		EF06BC9827BA439E00658EF8 /* Sources */ = {
			isa = PBXSourcesBuildPhase;
			buildActionMask = 2147483647;
			files = (
				EF06BCDB27BB846900658EF8 /* ViewModelProtocol.swift in Sources */,
				EF06BCD327BA50DD00658EF8 /* DataModel.swift in Sources */,
				EF06BCA427BA439E00658EF8 /* MVCViewController.swift in Sources */,
				EF06BCA027BA439E00658EF8 /* AppDelegate.swift in Sources */,
				EF06BCDD27BB9A6100658EF8 /* CellViewModel.swift in Sources */,
				EF06BCD127BA502300658EF8 /* APIEngine.swift in Sources */,
				EF06BCA227BA439E00658EF8 /* SceneDelegate.swift in Sources */,
				EF06BCD627BB3B7B00658EF8 /* Cell.swift in Sources */,
				EF06BCD927BB811F00658EF8 /* ViewModel.swift in Sources */,
			);
			runOnlyForDeploymentPostprocessing = 0;
		};
		EF06BCAE27BA439F00658EF8 /* Sources */ = {
			isa = PBXSourcesBuildPhase;
			buildActionMask = 2147483647;
			files = (
				EF06BCB727BA439F00658EF8 /* MVC2MVVMTests.swift in Sources */,
			);
			runOnlyForDeploymentPostprocessing = 0;
		};
		EF06BCB827BA439F00658EF8 /* Sources */ = {
			isa = PBXSourcesBuildPhase;
			buildActionMask = 2147483647;
			files = (
				EF06BCC327BA439F00658EF8 /* MVC2MVVMUITestsLaunchTests.swift in Sources */,
				EF06BCC127BA439F00658EF8 /* MVC2MVVMUITests.swift in Sources */,
			);
			runOnlyForDeploymentPostprocessing = 0;
		};
/* End PBXSourcesBuildPhase section */

/* Begin PBXTargetDependency section */
		EF06BCB427BA439F00658EF8 /* PBXTargetDependency */ = {
			isa = PBXTargetDependency;
			target = EF06BC9B27BA439E00658EF8 /* MVC2MVVM */;
			targetProxy = EF06BCB327BA439F00658EF8 /* PBXContainerItemProxy */;
		};
		EF06BCBE27BA439F00658EF8 /* PBXTargetDependency */ = {
			isa = PBXTargetDependency;
			target = EF06BC9B27BA439E00658EF8 /* MVC2MVVM */;
			targetProxy = EF06BCBD27BA439F00658EF8 /* PBXContainerItemProxy */;
		};
/* End PBXTargetDependency section */

/* Begin PBXVariantGroup section */
		EF06BCA527BA439E00658EF8 /* Main.storyboard */ = {
			isa = PBXVariantGroup;
			children = (
				EF06BCA627BA439E00658EF8 /* Base */,
			);
			name = Main.storyboard;
			sourceTree = "<group>";
		};
		EF06BCAA27BA439F00658EF8 /* LaunchScreen.storyboard */ = {
			isa = PBXVariantGroup;
			children = (
				EF06BCAB27BA439F00658EF8 /* Base */,
			);
			name = LaunchScreen.storyboard;
			sourceTree = "<group>";
		};
/* End PBXVariantGroup section */

/* Begin XCBuildConfiguration section */
		EF06BCC427BA439F00658EF8 /* Debug */ = {
			isa = XCBuildConfiguration;
			buildSettings = {
				ALWAYS_SEARCH_USER_PATHS = NO;
				CLANG_ANALYZER_NONNULL = YES;
				CLANG_ANALYZER_NUMBER_OBJECT_CONVERSION = YES_AGGRESSIVE;
				CLANG_CXX_LANGUAGE_STANDARD = "gnu++17";
				CLANG_CXX_LIBRARY = "libc++";
				CLANG_ENABLE_MODULES = YES;
				CLANG_ENABLE_OBJC_ARC = YES;
				CLANG_ENABLE_OBJC_WEAK = YES;
				CLANG_WARN_BLOCK_CAPTURE_AUTORELEASING = YES;
				CLANG_WARN_BOOL_CONVERSION = YES;
				CLANG_WARN_COMMA = YES;
				CLANG_WARN_CONSTANT_CONVERSION = YES;
				CLANG_WARN_DEPRECATED_OBJC_IMPLEMENTATIONS = YES;
				CLANG_WARN_DIRECT_OBJC_ISA_USAGE = YES_ERROR;
				CLANG_WARN_DOCUMENTATION_COMMENTS = YES;
				CLANG_WARN_EMPTY_BODY = YES;
				CLANG_WARN_ENUM_CONVERSION = YES;
				CLANG_WARN_INFINITE_RECURSION = YES;
				CLANG_WARN_INT_CONVERSION = YES;
				CLANG_WARN_NON_LITERAL_NULL_CONVERSION = YES;
				CLANG_WARN_OBJC_IMPLICIT_RETAIN_SELF = YES;
				CLANG_WARN_OBJC_LITERAL_CONVERSION = YES;
				CLANG_WARN_OBJC_ROOT_CLASS = YES_ERROR;
				CLANG_WARN_QUOTED_INCLUDE_IN_FRAMEWORK_HEADER = YES;
				CLANG_WARN_RANGE_LOOP_ANALYSIS = YES;
				CLANG_WARN_STRICT_PROTOTYPES = YES;
				CLANG_WARN_SUSPICIOUS_MOVE = YES;
				CLANG_WARN_UNGUARDED_AVAILABILITY = YES_AGGRESSIVE;
				CLANG_WARN_UNREACHABLE_CODE = YES;
				CLANG_WARN__DUPLICATE_METHOD_MATCH = YES;
				COPY_PHASE_STRIP = NO;
				DEBUG_INFORMATION_FORMAT = dwarf;
				ENABLE_STRICT_OBJC_MSGSEND = YES;
				ENABLE_TESTABILITY = YES;
				GCC_C_LANGUAGE_STANDARD = gnu11;
				GCC_DYNAMIC_NO_PIC = NO;
				GCC_NO_COMMON_BLOCKS = YES;
				GCC_OPTIMIZATION_LEVEL = 0;
				GCC_PREPROCESSOR_DEFINITIONS = (
					"DEBUG=1",
					"$(inherited)",
				);
				GCC_WARN_64_TO_32_BIT_CONVERSION = YES;
				GCC_WARN_ABOUT_RETURN_TYPE = YES_ERROR;
				GCC_WARN_UNDECLARED_SELECTOR = YES;
				GCC_WARN_UNINITIALIZED_AUTOS = YES_AGGRESSIVE;
				GCC_WARN_UNUSED_FUNCTION = YES;
				GCC_WARN_UNUSED_VARIABLE = YES;
				IPHONEOS_DEPLOYMENT_TARGET = 15.2;
				MTL_ENABLE_DEBUG_INFO = INCLUDE_SOURCE;
				MTL_FAST_MATH = YES;
				ONLY_ACTIVE_ARCH = YES;
				SDKROOT = iphoneos;
				SWIFT_ACTIVE_COMPILATION_CONDITIONS = DEBUG;
				SWIFT_OPTIMIZATION_LEVEL = "-Onone";
			};
			name = Debug;
		};
		EF06BCC527BA439F00658EF8 /* Release */ = {
			isa = XCBuildConfiguration;
			buildSettings = {
				ALWAYS_SEARCH_USER_PATHS = NO;
				CLANG_ANALYZER_NONNULL = YES;
				CLANG_ANALYZER_NUMBER_OBJECT_CONVERSION = YES_AGGRESSIVE;
				CLANG_CXX_LANGUAGE_STANDARD = "gnu++17";
				CLANG_CXX_LIBRARY = "libc++";
				CLANG_ENABLE_MODULES = YES;
				CLANG_ENABLE_OBJC_ARC = YES;
				CLANG_ENABLE_OBJC_WEAK = YES;
				CLANG_WARN_BLOCK_CAPTURE_AUTORELEASING = YES;
				CLANG_WARN_BOOL_CONVERSION = YES;
				CLANG_WARN_COMMA = YES;
				CLANG_WARN_CONSTANT_CONVERSION = YES;
				CLANG_WARN_DEPRECATED_OBJC_IMPLEMENTATIONS = YES;
				CLANG_WARN_DIRECT_OBJC_ISA_USAGE = YES_ERROR;
				CLANG_WARN_DOCUMENTATION_COMMENTS = YES;
				CLANG_WARN_EMPTY_BODY = YES;
				CLANG_WARN_ENUM_CONVERSION = YES;
				CLANG_WARN_INFINITE_RECURSION = YES;
				CLANG_WARN_INT_CONVERSION = YES;
				CLANG_WARN_NON_LITERAL_NULL_CONVERSION = YES;
				CLANG_WARN_OBJC_IMPLICIT_RETAIN_SELF = YES;
				CLANG_WARN_OBJC_LITERAL_CONVERSION = YES;
				CLANG_WARN_OBJC_ROOT_CLASS = YES_ERROR;
				CLANG_WARN_QUOTED_INCLUDE_IN_FRAMEWORK_HEADER = YES;
				CLANG_WARN_RANGE_LOOP_ANALYSIS = YES;
				CLANG_WARN_STRICT_PROTOTYPES = YES;
				CLANG_WARN_SUSPICIOUS_MOVE = YES;
				CLANG_WARN_UNGUARDED_AVAILABILITY = YES_AGGRESSIVE;
				CLANG_WARN_UNREACHABLE_CODE = YES;
				CLANG_WARN__DUPLICATE_METHOD_MATCH = YES;
				COPY_PHASE_STRIP = NO;
				DEBUG_INFORMATION_FORMAT = "dwarf-with-dsym";
				ENABLE_NS_ASSERTIONS = NO;
				ENABLE_STRICT_OBJC_MSGSEND = YES;
				GCC_C_LANGUAGE_STANDARD = gnu11;
				GCC_NO_COMMON_BLOCKS = YES;
				GCC_WARN_64_TO_32_BIT_CONVERSION = YES;
				GCC_WARN_ABOUT_RETURN_TYPE = YES_ERROR;
				GCC_WARN_UNDECLARED_SELECTOR = YES;
				GCC_WARN_UNINITIALIZED_AUTOS = YES_AGGRESSIVE;
				GCC_WARN_UNUSED_FUNCTION = YES;
				GCC_WARN_UNUSED_VARIABLE = YES;
				IPHONEOS_DEPLOYMENT_TARGET = 15.2;
				MTL_ENABLE_DEBUG_INFO = NO;
				MTL_FAST_MATH = YES;
				SDKROOT = iphoneos;
				SWIFT_COMPILATION_MODE = wholemodule;
				SWIFT_OPTIMIZATION_LEVEL = "-O";
				VALIDATE_PRODUCT = YES;
			};
			name = Release;
		};
		EF06BCC727BA439F00658EF8 /* Debug */ = {
			isa = XCBuildConfiguration;
			buildSettings = {
				ASSETCATALOG_COMPILER_APPICON_NAME = AppIcon;
				ASSETCATALOG_COMPILER_GLOBAL_ACCENT_COLOR_NAME = AccentColor;
				CODE_SIGN_STYLE = Automatic;
				CURRENT_PROJECT_VERSION = 1;
				DEVELOPMENT_TEAM = HMB28F9R4H;
				GENERATE_INFOPLIST_FILE = YES;
				INFOPLIST_FILE = MVC2MVVM/Info.plist;
				INFOPLIST_KEY_UIApplicationSupportsIndirectInputEvents = YES;
				INFOPLIST_KEY_UILaunchStoryboardName = LaunchScreen;
				INFOPLIST_KEY_UIMainStoryboardFile = Main;
				INFOPLIST_KEY_UISupportedInterfaceOrientations_iPad = "UIInterfaceOrientationPortrait UIInterfaceOrientationPortraitUpsideDown UIInterfaceOrientationLandscapeLeft UIInterfaceOrientationLandscapeRight";
				INFOPLIST_KEY_UISupportedInterfaceOrientations_iPhone = "UIInterfaceOrientationPortrait UIInterfaceOrientationLandscapeLeft UIInterfaceOrientationLandscapeRight";
				LD_RUNPATH_SEARCH_PATHS = (
					"$(inherited)",
					"@executable_path/Frameworks",
				);
				MARKETING_VERSION = 1.0;
				PRODUCT_BUNDLE_IDENTIFIER = woodyliu.MVC2MVVM;
				PRODUCT_NAME = "$(TARGET_NAME)";
				SWIFT_EMIT_LOC_STRINGS = YES;
				SWIFT_VERSION = 5.0;
				TARGETED_DEVICE_FAMILY = "1,2";
			};
			name = Debug;
		};
		EF06BCC827BA439F00658EF8 /* Release */ = {
			isa = XCBuildConfiguration;
			buildSettings = {
				ASSETCATALOG_COMPILER_APPICON_NAME = AppIcon;
				ASSETCATALOG_COMPILER_GLOBAL_ACCENT_COLOR_NAME = AccentColor;
				CODE_SIGN_STYLE = Automatic;
				CURRENT_PROJECT_VERSION = 1;
				DEVELOPMENT_TEAM = HMB28F9R4H;
				GENERATE_INFOPLIST_FILE = YES;
				INFOPLIST_FILE = MVC2MVVM/Info.plist;
				INFOPLIST_KEY_UIApplicationSupportsIndirectInputEvents = YES;
				INFOPLIST_KEY_UILaunchStoryboardName = LaunchScreen;
				INFOPLIST_KEY_UIMainStoryboardFile = Main;
				INFOPLIST_KEY_UISupportedInterfaceOrientations_iPad = "UIInterfaceOrientationPortrait UIInterfaceOrientationPortraitUpsideDown UIInterfaceOrientationLandscapeLeft UIInterfaceOrientationLandscapeRight";
				INFOPLIST_KEY_UISupportedInterfaceOrientations_iPhone = "UIInterfaceOrientationPortrait UIInterfaceOrientationLandscapeLeft UIInterfaceOrientationLandscapeRight";
				LD_RUNPATH_SEARCH_PATHS = (
					"$(inherited)",
					"@executable_path/Frameworks",
				);
				MARKETING_VERSION = 1.0;
				PRODUCT_BUNDLE_IDENTIFIER = woodyliu.MVC2MVVM;
				PRODUCT_NAME = "$(TARGET_NAME)";
				SWIFT_EMIT_LOC_STRINGS = YES;
				SWIFT_VERSION = 5.0;
				TARGETED_DEVICE_FAMILY = "1,2";
			};
			name = Release;
		};
		EF06BCCA27BA439F00658EF8 /* Debug */ = {
			isa = XCBuildConfiguration;
			buildSettings = {
				ALWAYS_EMBED_SWIFT_STANDARD_LIBRARIES = YES;
				BUNDLE_LOADER = "$(TEST_HOST)";
				CODE_SIGN_STYLE = Automatic;
				CURRENT_PROJECT_VERSION = 1;
				DEVELOPMENT_TEAM = HMB28F9R4H;
				GENERATE_INFOPLIST_FILE = YES;
				IPHONEOS_DEPLOYMENT_TARGET = 15.2;
				MARKETING_VERSION = 1.0;
				PRODUCT_BUNDLE_IDENTIFIER = woodyliu.MVC2MVVMTests;
				PRODUCT_NAME = "$(TARGET_NAME)";
				SWIFT_EMIT_LOC_STRINGS = NO;
				SWIFT_VERSION = 5.0;
				TARGETED_DEVICE_FAMILY = "1,2";
				TEST_HOST = "$(BUILT_PRODUCTS_DIR)/MVC2MVVM.app/MVC2MVVM";
			};
			name = Debug;
		};
		EF06BCCB27BA439F00658EF8 /* Release */ = {
			isa = XCBuildConfiguration;
			buildSettings = {
				ALWAYS_EMBED_SWIFT_STANDARD_LIBRARIES = YES;
				BUNDLE_LOADER = "$(TEST_HOST)";
				CODE_SIGN_STYLE = Automatic;
				CURRENT_PROJECT_VERSION = 1;
				DEVELOPMENT_TEAM = HMB28F9R4H;
				GENERATE_INFOPLIST_FILE = YES;
				IPHONEOS_DEPLOYMENT_TARGET = 15.2;
				MARKETING_VERSION = 1.0;
				PRODUCT_BUNDLE_IDENTIFIER = woodyliu.MVC2MVVMTests;
				PRODUCT_NAME = "$(TARGET_NAME)";
				SWIFT_EMIT_LOC_STRINGS = NO;
				SWIFT_VERSION = 5.0;
				TARGETED_DEVICE_FAMILY = "1,2";
				TEST_HOST = "$(BUILT_PRODUCTS_DIR)/MVC2MVVM.app/MVC2MVVM";
			};
			name = Release;
		};
		EF06BCCD27BA439F00658EF8 /* Debug */ = {
			isa = XCBuildConfiguration;
			buildSettings = {
				ALWAYS_EMBED_SWIFT_STANDARD_LIBRARIES = YES;
				CODE_SIGN_STYLE = Automatic;
				CURRENT_PROJECT_VERSION = 1;
				DEVELOPMENT_TEAM = HMB28F9R4H;
				GENERATE_INFOPLIST_FILE = YES;
				MARKETING_VERSION = 1.0;
				PRODUCT_BUNDLE_IDENTIFIER = woodyliu.MVC2MVVMUITests;
				PRODUCT_NAME = "$(TARGET_NAME)";
				SWIFT_EMIT_LOC_STRINGS = NO;
				SWIFT_VERSION = 5.0;
				TARGETED_DEVICE_FAMILY = "1,2";
				TEST_TARGET_NAME = MVC2MVVM;
			};
			name = Debug;
		};
		EF06BCCE27BA439F00658EF8 /* Release */ = {
			isa = XCBuildConfiguration;
			buildSettings = {
				ALWAYS_EMBED_SWIFT_STANDARD_LIBRARIES = YES;
				CODE_SIGN_STYLE = Automatic;
				CURRENT_PROJECT_VERSION = 1;
				DEVELOPMENT_TEAM = HMB28F9R4H;
				GENERATE_INFOPLIST_FILE = YES;
				MARKETING_VERSION = 1.0;
				PRODUCT_BUNDLE_IDENTIFIER = woodyliu.MVC2MVVMUITests;
				PRODUCT_NAME = "$(TARGET_NAME)";
				SWIFT_EMIT_LOC_STRINGS = NO;
				SWIFT_VERSION = 5.0;
				TARGETED_DEVICE_FAMILY = "1,2";
				TEST_TARGET_NAME = MVC2MVVM;
			};
			name = Release;
		};
/* End XCBuildConfiguration section */

/* Begin XCConfigurationList section */
		EF06BC9727BA439E00658EF8 /* Build configuration list for PBXProject "MVC2MVVM" */ = {
			isa = XCConfigurationList;
			buildConfigurations = (
				EF06BCC427BA439F00658EF8 /* Debug */,
				EF06BCC527BA439F00658EF8 /* Release */,
			);
			defaultConfigurationIsVisible = 0;
			defaultConfigurationName = Release;
		};
		EF06BCC627BA439F00658EF8 /* Build configuration list for PBXNativeTarget "MVC2MVVM" */ = {
			isa = XCConfigurationList;
			buildConfigurations = (
				EF06BCC727BA439F00658EF8 /* Debug */,
				EF06BCC827BA439F00658EF8 /* Release */,
			);
			defaultConfigurationIsVisible = 0;
			defaultConfigurationName = Release;
		};
		EF06BCC927BA439F00658EF8 /* Build configuration list for PBXNativeTarget "MVC2MVVMTests" */ = {
			isa = XCConfigurationList;
			buildConfigurations = (
				EF06BCCA27BA439F00658EF8 /* Debug */,
				EF06BCCB27BA439F00658EF8 /* Release */,
			);
			defaultConfigurationIsVisible = 0;
			defaultConfigurationName = Release;
		};
		EF06BCCC27BA439F00658EF8 /* Build configuration list for PBXNativeTarget "MVC2MVVMUITests" */ = {
			isa = XCConfigurationList;
			buildConfigurations = (
				EF06BCCD27BA439F00658EF8 /* Debug */,
				EF06BCCE27BA439F00658EF8 /* Release */,
			);
			defaultConfigurationIsVisible = 0;
			defaultConfigurationName = Release;
		};
/* End XCConfigurationList section */
	};
	rootObject = EF06BC9427BA439E00658EF8 /* Project object */;
}
